
Microsoft Visual Studio Solution File, Format Version 12.00
# Visual Studio Version 17
VisualStudioVersion = 17.7.34003.232
MinimumVisualStudioVersion = 10.0.40219.1
Project("{FAE04EC0-301F-11D3-BF4B-00C04F79EFBC}") = "Inheritance", "Inheritance\Inheritance.csproj", "{7D2717D3-AFFF-4E2E-A592-4F94D0FE2FA8}"
EndProject
Global
	GlobalSection(SolutionConfigurationPlatforms) = preSolution
		Debug|Any CPU = Debug|Any CPU
		Release|Any CPU = Release|Any CPU
	EndGlobalSection
	GlobalSection(ProjectConfigurationPlatforms) = postSolution
		{7D2717D3-AFFF-4E2E-A592-4F94D0FE2FA8}.Debug|Any CPU.ActiveCfg = Debug|Any CPU
		{7D2717D3-AFFF-4E2E-A592-4F94D0FE2FA8}.Debug|Any CPU.Build.0 = Debug|Any CPU
		{7D2717D3-AFFF-4E2E-A592-4F94D0FE2FA8}.Release|Any CPU.ActiveCfg = Release|Any CPU
		{7D2717D3-AFFF-4E2E-A592-4F94D0FE2FA8}.Release|Any CPU.Build.0 = Release|Any CPU
	EndGlobalSection
	GlobalSection(SolutionProperties) = preSolution
		HideSolutionNode = FALSE
	EndGlobalSection
	GlobalSection(ExtensibilityGlobals) = postSolution
		SolutionGuid = {92CFE189-2846-4A06-B5E6-CF14F0CC5C35}
	EndGlobalSection
EndGlobal
